
Microsoft Visual Studio Solution File, Format Version 12.00
# Visual Studio Version 17
VisualStudioVersion = 17.8.34330.188
MinimumVisualStudioVersion = 10.0.40219.1
Project("{9A19103F-16F7-4668-BE54-9A1E7A4F7556}") = "List01", "Algorithm\List01.csproj", "{DDD37D6B-8181-48D5-A2AA-191B7679EECC}"
EndProject
Project("{9A19103F-16F7-4668-BE54-9A1E7A4F7556}") = "List02", "Algorithm02\List02.csproj", "{F0ECE9BD-2226-4427-A059-75D26F8E5FA0}"
EndProject
Project("{9A19103F-16F7-4668-BE54-9A1E7A4F7556}") = "List03", "Algorithm03\List03.csproj", "{072A50E9-F772-4CF7-B5F3-F74AE1D7B009}"
EndProject
Project("{9A19103F-16F7-4668-BE54-9A1E7A4F7556}") = "02. LinkedList_01", "02. LinkedList_01\02. LinkedList_01.csproj", "{90981D31-5656-41EA-8824-14C47626E9A7}"
EndProject
Project("{9A19103F-16F7-4668-BE54-9A1E7A4F7556}") = "02_LinkedList_02", "02_LinkedList_02\02_LinkedList_02.csproj", "{78F47CFF-E59C-4A89-8514-D16D44564E3C}"
EndProject
Project("{9A19103F-16F7-4668-BE54-9A1E7A4F7556}") = "stack&queue01", "stack&queue01\stack&queue01.csproj", "{F0F29313-8F88-47E4-A314-F461E8F1AC2C}"
EndProject
Project("{9A19103F-16F7-4668-BE54-9A1E7A4F7556}") = "03. stack&queue02", "03. stack&queue02\03. stack&queue02.csproj", "{AAE0C9E4-7E08-47FC-8A0A-8D11132CE037}"
EndProject
Project("{9A19103F-16F7-4668-BE54-9A1E7A4F7556}") = "05. Heap01", "05. Heap01\05. Heap01.csproj", "{02C3A6C1-0CE1-488B-9A80-D01C79799C62}"
EndProject
Project("{9A19103F-16F7-4668-BE54-9A1E7A4F7556}") = "05. Heap02", "05. Heap02\05. Heap02.csproj", "{FA557C02-7C16-4BC9-A43F-E0EAF423DA90}"
EndProject
Project("{9A19103F-16F7-4668-BE54-9A1E7A4F7556}") = "06. HashTable01", "06. HashTable\06. HashTable01.csproj", "{C004420F-5172-43C9-9691-6F6872FDCDFA}"
EndProject
Project("{9A19103F-16F7-4668-BE54-9A1E7A4F7556}") = "06.HachTable02", "06.HachTable02\06.HachTable02.csproj", "{779AB9B3-1AD7-4C80-9148-373C894649B8}"
EndProject
Project("{9A19103F-16F7-4668-BE54-9A1E7A4F7556}") = "07. DesignTechnique_01", "07. DesignTechnique_01\07. DesignTechnique_01.csproj", "{CC5BADE4-863A-400E-9D11-9F0D9E4CAEF6}"
EndProject
Project("{9A19103F-16F7-4668-BE54-9A1E7A4F7556}") = "08. Sorting", "08. Sorting\08. Sorting.csproj", "{96A93686-8682-472E-9F3C-A2A6D623D78E}"
EndProject
Project("{9A19103F-16F7-4668-BE54-9A1E7A4F7556}") = "09. Graph", "09. Graph\09. Graph.csproj", "{6B4FD1DF-898A-4903-9224-02FBBF486F70}"
EndProject
Project("{FAE04EC0-301F-11D3-BF4B-00C04F79EFBC}") = "10. Searching", "10. Searching\10. Searching.csproj", "{061DE044-858E-434E-8FEA-E70DBB68239B}"
EndProject
Global
	GlobalSection(SolutionConfigurationPlatforms) = preSolution
		Debug|Any CPU = Debug|Any CPU
		Release|Any CPU = Release|Any CPU
	EndGlobalSection
	GlobalSection(ProjectConfigurationPlatforms) = postSolution
		{DDD37D6B-8181-48D5-A2AA-191B7679EECC}.Debug|Any CPU.ActiveCfg = Debug|Any CPU
		{DDD37D6B-8181-48D5-A2AA-191B7679EECC}.Debug|Any CPU.Build.0 = Debug|Any CPU
		{DDD37D6B-8181-48D5-A2AA-191B7679EECC}.Release|Any CPU.ActiveCfg = Release|Any CPU
		{DDD37D6B-8181-48D5-A2AA-191B7679EECC}.Release|Any CPU.Build.0 = Release|Any CPU
		{F0ECE9BD-2226-4427-A059-75D26F8E5FA0}.Debug|Any CPU.ActiveCfg = Debug|Any CPU
		{F0ECE9BD-2226-4427-A059-75D26F8E5FA0}.Debug|Any CPU.Build.0 = Debug|Any CPU
		{F0ECE9BD-2226-4427-A059-75D26F8E5FA0}.Release|Any CPU.ActiveCfg = Release|Any CPU
		{F0ECE9BD-2226-4427-A059-75D26F8E5FA0}.Release|Any CPU.Build.0 = Release|Any CPU
		{072A50E9-F772-4CF7-B5F3-F74AE1D7B009}.Debug|Any CPU.ActiveCfg = Debug|Any CPU
		{072A50E9-F772-4CF7-B5F3-F74AE1D7B009}.Debug|Any CPU.Build.0 = Debug|Any CPU
		{072A50E9-F772-4CF7-B5F3-F74AE1D7B009}.Release|Any CPU.ActiveCfg = Release|Any CPU
		{072A50E9-F772-4CF7-B5F3-F74AE1D7B009}.Release|Any CPU.Build.0 = Release|Any CPU
		{90981D31-5656-41EA-8824-14C47626E9A7}.Debug|Any CPU.ActiveCfg = Debug|Any CPU
		{90981D31-5656-41EA-8824-14C47626E9A7}.Debug|Any CPU.Build.0 = Debug|Any CPU
		{90981D31-5656-41EA-8824-14C47626E9A7}.Release|Any CPU.ActiveCfg = Release|Any CPU
		{90981D31-5656-41EA-8824-14C47626E9A7}.Release|Any CPU.Build.0 = Release|Any CPU
		{78F47CFF-E59C-4A89-8514-D16D44564E3C}.Debug|Any CPU.ActiveCfg = Debug|Any CPU
		{78F47CFF-E59C-4A89-8514-D16D44564E3C}.Debug|Any CPU.Build.0 = Debug|Any CPU
		{78F47CFF-E59C-4A89-8514-D16D44564E3C}.Release|Any CPU.ActiveCfg = Release|Any CPU
		{78F47CFF-E59C-4A89-8514-D16D44564E3C}.Release|Any CPU.Build.0 = Release|Any CPU
		{F0F29313-8F88-47E4-A314-F461E8F1AC2C}.Debug|Any CPU.ActiveCfg = Debug|Any CPU
		{F0F29313-8F88-47E4-A314-F461E8F1AC2C}.Debug|Any CPU.Build.0 = Debug|Any CPU
		{F0F29313-8F88-47E4-A314-F461E8F1AC2C}.Release|Any CPU.ActiveCfg = Release|Any CPU
		{F0F29313-8F88-47E4-A314-F461E8F1AC2C}.Release|Any CPU.Build.0 = Release|Any CPU
		{AAE0C9E4-7E08-47FC-8A0A-8D11132CE037}.Debug|Any CPU.ActiveCfg = Debug|Any CPU
		{AAE0C9E4-7E08-47FC-8A0A-8D11132CE037}.Debug|Any CPU.Build.0 = Debug|Any CPU
		{AAE0C9E4-7E08-47FC-8A0A-8D11132CE037}.Release|Any CPU.ActiveCfg = Release|Any CPU
		{AAE0C9E4-7E08-47FC-8A0A-8D11132CE037}.Release|Any CPU.Build.0 = Release|Any CPU
		{02C3A6C1-0CE1-488B-9A80-D01C79799C62}.Debug|Any CPU.ActiveCfg = Debug|Any CPU
		{02C3A6C1-0CE1-488B-9A80-D01C79799C62}.Debug|Any CPU.Build.0 = Debug|Any CPU
		{02C3A6C1-0CE1-488B-9A80-D01C79799C62}.Release|Any CPU.ActiveCfg = Release|Any CPU
		{02C3A6C1-0CE1-488B-9A80-D01C79799C62}.Release|Any CPU.Build.0 = Release|Any CPU
		{FA557C02-7C16-4BC9-A43F-E0EAF423DA90}.Debug|Any CPU.ActiveCfg = Debug|Any CPU
		{FA557C02-7C16-4BC9-A43F-E0EAF423DA90}.Debug|Any CPU.Build.0 = Debug|Any CPU
		{FA557C02-7C16-4BC9-A43F-E0EAF423DA90}.Release|Any CPU.ActiveCfg = Release|Any CPU
		{FA557C02-7C16-4BC9-A43F-E0EAF423DA90}.Release|Any CPU.Build.0 = Release|Any CPU
		{C004420F-5172-43C9-9691-6F6872FDCDFA}.Debug|Any CPU.ActiveCfg = Debug|Any CPU
		{C004420F-5172-43C9-9691-6F6872FDCDFA}.Debug|Any CPU.Build.0 = Debug|Any CPU
		{C004420F-5172-43C9-9691-6F6872FDCDFA}.Release|Any CPU.ActiveCfg = Release|Any CPU
		{C004420F-5172-43C9-9691-6F6872FDCDFA}.Release|Any CPU.Build.0 = Release|Any CPU
		{779AB9B3-1AD7-4C80-9148-373C894649B8}.Debug|Any CPU.ActiveCfg = Debug|Any CPU
		{779AB9B3-1AD7-4C80-9148-373C894649B8}.Debug|Any CPU.Build.0 = Debug|Any CPU
		{779AB9B3-1AD7-4C80-9148-373C894649B8}.Release|Any CPU.ActiveCfg = Release|Any CPU
		{779AB9B3-1AD7-4C80-9148-373C894649B8}.Release|Any CPU.Build.0 = Release|Any CPU
		{CC5BADE4-863A-400E-9D11-9F0D9E4CAEF6}.Debug|Any CPU.ActiveCfg = Debug|Any CPU
		{CC5BADE4-863A-400E-9D11-9F0D9E4CAEF6}.Debug|Any CPU.Build.0 = Debug|Any CPU
		{CC5BADE4-863A-400E-9D11-9F0D9E4CAEF6}.Release|Any CPU.ActiveCfg = Release|Any CPU
		{CC5BADE4-863A-400E-9D11-9F0D9E4CAEF6}.Release|Any CPU.Build.0 = Release|Any CPU
		{96A93686-8682-472E-9F3C-A2A6D623D78E}.Debug|Any CPU.ActiveCfg = Debug|Any CPU
		{96A93686-8682-472E-9F3C-A2A6D623D78E}.Debug|Any CPU.Build.0 = Debug|Any CPU
		{96A93686-8682-472E-9F3C-A2A6D623D78E}.Release|Any CPU.ActiveCfg = Release|Any CPU
		{96A93686-8682-472E-9F3C-A2A6D623D78E}.Release|Any CPU.Build.0 = Release|Any CPU
		{6B4FD1DF-898A-4903-9224-02FBBF486F70}.Debug|Any CPU.ActiveCfg = Debug|Any CPU
		{6B4FD1DF-898A-4903-9224-02FBBF486F70}.Debug|Any CPU.Build.0 = Debug|Any CPU
		{6B4FD1DF-898A-4903-9224-02FBBF486F70}.Release|Any CPU.ActiveCfg = Release|Any CPU
		{6B4FD1DF-898A-4903-9224-02FBBF486F70}.Release|Any CPU.Build.0 = Release|Any CPU
		{061DE044-858E-434E-8FEA-E70DBB68239B}.Debug|Any CPU.ActiveCfg = Debug|Any CPU
		{061DE044-858E-434E-8FEA-E70DBB68239B}.Debug|Any CPU.Build.0 = Debug|Any CPU
		{061DE044-858E-434E-8FEA-E70DBB68239B}.Release|Any CPU.ActiveCfg = Release|Any CPU
		{061DE044-858E-434E-8FEA-E70DBB68239B}.Release|Any CPU.Build.0 = Release|Any CPU
	EndGlobalSection
	GlobalSection(SolutionProperties) = preSolution
		HideSolutionNode = FALSE
	EndGlobalSection
	GlobalSection(ExtensibilityGlobals) = postSolution
		SolutionGuid = {B3687C5E-64A9-47DA-9ABA-079D15181027}
	EndGlobalSection
EndGlobal
